
Microsoft Visual Studio Solution File, Format Version 12.00
# Visual Studio Version 17
VisualStudioVersion = 17.11.35312.102
MinimumVisualStudioVersion = 10.0.40219.1
Project("{FAE04EC0-301F-11D3-BF4B-00C04F79EFBC}") = "Tutorial2", "Tutorial2\Tutorial2.csproj", "{105C3E32-DEC0-413A-A67C-CE434FC6E4AE}"
EndProject
Global
	GlobalSection(SolutionConfigurationPlatforms) = preSolution
		Debug|Any CPU = Debug|Any CPU
		Release|Any CPU = Release|Any CPU
	EndGlobalSection
	GlobalSection(ProjectConfigurationPlatforms) = postSolution
		{105C3E32-DEC0-413A-A67C-CE434FC6E4AE}.Debug|Any CPU.ActiveCfg = Debug|Any CPU
		{105C3E32-DEC0-413A-A67C-CE434FC6E4AE}.Debug|Any CPU.Build.0 = Debug|Any CPU
		{105C3E32-DEC0-413A-A67C-CE434FC6E4AE}.Release|Any CPU.ActiveCfg = Release|Any CPU
		{105C3E32-DEC0-413A-A67C-CE434FC6E4AE}.Release|Any CPU.Build.0 = Release|Any CPU
	EndGlobalSection
	GlobalSection(SolutionProperties) = preSolution
		HideSolutionNode = FALSE
	EndGlobalSection
	GlobalSection(ExtensibilityGlobals) = postSolution
		SolutionGuid = {AE904843-C5A9-401D-B517-CE133BAB3D45}
	EndGlobalSection
EndGlobal
