
Microsoft Visual Studio Solution File, Format Version 12.00
# Visual Studio Version 17
VisualStudioVersion = 17.11.35312.102
MinimumVisualStudioVersion = 10.0.40219.1
Project("{FAE04EC0-301F-11D3-BF4B-00C04F79EFBC}") = "Tutorial3", "Tutorial3\Tutorial3.csproj", "{F5E75622-FD93-4D2D-9255-0D940F3847E8}"
EndProject
Global
	GlobalSection(SolutionConfigurationPlatforms) = preSolution
		Debug|Any CPU = Debug|Any CPU
		Release|Any CPU = Release|Any CPU
	EndGlobalSection
	GlobalSection(ProjectConfigurationPlatforms) = postSolution
		{F5E75622-FD93-4D2D-9255-0D940F3847E8}.Debug|Any CPU.ActiveCfg = Debug|Any CPU
		{F5E75622-FD93-4D2D-9255-0D940F3847E8}.Debug|Any CPU.Build.0 = Debug|Any CPU
		{F5E75622-FD93-4D2D-9255-0D940F3847E8}.Release|Any CPU.ActiveCfg = Release|Any CPU
		{F5E75622-FD93-4D2D-9255-0D940F3847E8}.Release|Any CPU.Build.0 = Release|Any CPU
	EndGlobalSection
	GlobalSection(SolutionProperties) = preSolution
		HideSolutionNode = FALSE
	EndGlobalSection
	GlobalSection(ExtensibilityGlobals) = postSolution
		SolutionGuid = {22A90100-8E50-4F6D-AA60-1340B490917B}
	EndGlobalSection
EndGlobal
