
Microsoft Visual Studio Solution File, Format Version 12.00
# Visual Studio Version 17
VisualStudioVersion = 17.4.33122.133
MinimumVisualStudioVersion = 10.0.40219.1
Project("{FAE04EC0-301F-11D3-BF4B-00C04F79EFBC}") = "OJT.App", "OJT.App\OJT.App.csproj", "{F85743BA-7327-4FAC-B21E-5C4D9154E3AB}"
EndProject
Project("{FAE04EC0-301F-11D3-BF4B-00C04F79EFBC}") = "OJT.DAO", "..\OJT.DAO\OJT.DAO.csproj", "{A05DDC91-6AF1-4663-BEFC-4EA321D9BC5F}"
EndProject
Project("{FAE04EC0-301F-11D3-BF4B-00C04F79EFBC}") = "OJT.Entities", "..\OJT.Entities\OJT.Entities.csproj", "{C24DF344-0F04-4708-AEDF-5F00DA707B6A}"
EndProject
Project("{FAE04EC0-301F-11D3-BF4B-00C04F79EFBC}") = "OJT.Services", "..\OJT.Services\OJT.Services.csproj", "{15ED76F4-48F8-44C9-9D3F-2872D2FE0BFE}"
EndProject
Global
	GlobalSection(SolutionConfigurationPlatforms) = preSolution
		Debug|Any CPU = Debug|Any CPU
		Release|Any CPU = Release|Any CPU
	EndGlobalSection
	GlobalSection(ProjectConfigurationPlatforms) = postSolution
		{F85743BA-7327-4FAC-B21E-5C4D9154E3AB}.Debug|Any CPU.ActiveCfg = Debug|Any CPU
		{F85743BA-7327-4FAC-B21E-5C4D9154E3AB}.Debug|Any CPU.Build.0 = Debug|Any CPU
		{F85743BA-7327-4FAC-B21E-5C4D9154E3AB}.Release|Any CPU.ActiveCfg = Release|Any CPU
		{F85743BA-7327-4FAC-B21E-5C4D9154E3AB}.Release|Any CPU.Build.0 = Release|Any CPU
		{A05DDC91-6AF1-4663-BEFC-4EA321D9BC5F}.Debug|Any CPU.ActiveCfg = Debug|Any CPU
		{A05DDC91-6AF1-4663-BEFC-4EA321D9BC5F}.Debug|Any CPU.Build.0 = Debug|Any CPU
		{A05DDC91-6AF1-4663-BEFC-4EA321D9BC5F}.Release|Any CPU.ActiveCfg = Release|Any CPU
		{A05DDC91-6AF1-4663-BEFC-4EA321D9BC5F}.Release|Any CPU.Build.0 = Release|Any CPU
		{C24DF344-0F04-4708-AEDF-5F00DA707B6A}.Debug|Any CPU.ActiveCfg = Debug|Any CPU
		{C24DF344-0F04-4708-AEDF-5F00DA707B6A}.Debug|Any CPU.Build.0 = Debug|Any CPU
		{C24DF344-0F04-4708-AEDF-5F00DA707B6A}.Release|Any CPU.ActiveCfg = Release|Any CPU
		{C24DF344-0F04-4708-AEDF-5F00DA707B6A}.Release|Any CPU.Build.0 = Release|Any CPU
		{15ED76F4-48F8-44C9-9D3F-2872D2FE0BFE}.Debug|Any CPU.ActiveCfg = Debug|Any CPU
		{15ED76F4-48F8-44C9-9D3F-2872D2FE0BFE}.Debug|Any CPU.Build.0 = Debug|Any CPU
		{15ED76F4-48F8-44C9-9D3F-2872D2FE0BFE}.Release|Any CPU.ActiveCfg = Release|Any CPU
		{15ED76F4-48F8-44C9-9D3F-2872D2FE0BFE}.Release|Any CPU.Build.0 = Release|Any CPU
	EndGlobalSection
	GlobalSection(SolutionProperties) = preSolution
		HideSolutionNode = FALSE
	EndGlobalSection
	GlobalSection(ExtensibilityGlobals) = postSolution
		SolutionGuid = {D28315BC-0F2E-40E7-9C61-9A91838DDFE7}
	EndGlobalSection
EndGlobal
